// !$*UTF8*$!
{
	archiveVersion = 1;
	classes = {
	};
	objectVersion = 77;
	objects = {

/* Begin PBXBuildFile section */
		01106D302CE6778600DCC5E5 /* .gitignore in Resources */ = {isa = PBXBuildFile; fileRef = 01106D2F2CE6777700DCC5E5 /* .gitignore */; };
		CFA380FC2D021CD7007FE625 /* AppDelegate.swift in Sources */ = {isa = PBXBuildFile; fileRef = CFA380EE2D021CD7007FE625 /* AppDelegate.swift */; };
		CFA380FD2D021CD7007FE625 /* UIImageView+Extensions.swift in Sources */ = {isa = PBXBuildFile; fileRef = CFA380F32D021CD7007FE625 /* UIImageView+Extensions.swift */; };
		CFA380FE2D021CD7007FE625 /* AuthManager.swift in Sources */ = {isa = PBXBuildFile; fileRef = CFA380F72D021CD7007FE625 /* AuthManager.swift */; };
		CFA380FF2D021CD7007FE625 /* User.swift in Sources */ = {isa = PBXBuildFile; fileRef = CFA380FA2D021CD7007FE625 /* User.swift */; };
		CFA381002D021CD7007FE625 /* LoginViewWrapper.swift in Sources */ = {isa = PBXBuildFile; fileRef = CFA380F92D021CD7007FE625 /* LoginViewWrapper.swift */; };
		CFA381012D021CD7007FE625 /* LoginView.swift in Sources */ = {isa = PBXBuildFile; fileRef = CFA380F82D021CD7007FE625 /* LoginView.swift */; };
		CFA381032D021CD7007FE625 /* LaunchScreen.storyboard in Resources */ = {isa = PBXBuildFile; fileRef = CFA380F02D021CD7007FE625 /* LaunchScreen.storyboard */; };
		CFA381042D021CD7007FE625 /* Auth0.plist in Resources */ = {isa = PBXBuildFile; fileRef = CFA380F62D021CD7007FE625 /* Auth0.plist */; };
		CFA381052D021CD7007FE625 /* Main.storyboard in Resources */ = {isa = PBXBuildFile; fileRef = CFA380F22D021CD7007FE625 /* Main.storyboard */; };
		CFA381072D021E78007FE625 /* Info copy.plist in Resources */ = {isa = PBXBuildFile; fileRef = CFA381062D021E78007FE625 /* Info copy.plist */; };
		CFA3810A2D021FE5007FE625 /* Auth0 in Frameworks */ = {isa = PBXBuildFile; productRef = CFA381092D021FE5007FE625 /* Auth0 */; };
		CFB23E332D0B5CE800A1ABAD /* GoogleService-Info.plist in Resources */ = {isa = PBXBuildFile; fileRef = CFB23E322D0B5CE800A1ABAD /* GoogleService-Info.plist */; };
		CFB23E362D0B5D4B00A1ABAD /* FirebaseAnalytics in Frameworks */ = {isa = PBXBuildFile; productRef = CFB23E352D0B5D4B00A1ABAD /* FirebaseAnalytics */; };
		CFB23E382D0B5D4B00A1ABAD /* FirebaseAnalyticsOnDeviceConversion in Frameworks */ = {isa = PBXBuildFile; productRef = CFB23E372D0B5D4B00A1ABAD /* FirebaseAnalyticsOnDeviceConversion */; };
		CFB23E3A2D0B5D4B00A1ABAD /* FirebaseAnalyticsWithoutAdIdSupport in Frameworks */ = {isa = PBXBuildFile; productRef = CFB23E392D0B5D4B00A1ABAD /* FirebaseAnalyticsWithoutAdIdSupport */; };
		CFB23E3C2D0B5D4B00A1ABAD /* FirebaseAppCheck in Frameworks */ = {isa = PBXBuildFile; productRef = CFB23E3B2D0B5D4B00A1ABAD /* FirebaseAppCheck */; };
		CFB23E3E2D0B5D4B00A1ABAD /* FirebaseAppDistribution-Beta in Frameworks */ = {isa = PBXBuildFile; productRef = CFB23E3D2D0B5D4B00A1ABAD /* FirebaseAppDistribution-Beta */; };
		CFB23E412D0B61E800A1ABAD /* FirebaseFirestore in Frameworks */ = {isa = PBXBuildFile; productRef = CFB23E402D0B61E800A1ABAD /* FirebaseFirestore */; };
/* End PBXBuildFile section */

/* Begin PBXContainerItemProxy section */
		01106D012CE669DE00DCC5E5 /* PBXContainerItemProxy */ = {
			isa = PBXContainerItemProxy;
			containerPortal = 01106CE82CE669DC00DCC5E5 /* Project object */;
			proxyType = 1;
			remoteGlobalIDString = 01106CEF2CE669DC00DCC5E5;
			remoteInfo = "food-tracker-version-two";
		};
		01106D0B2CE669DE00DCC5E5 /* PBXContainerItemProxy */ = {
			isa = PBXContainerItemProxy;
			containerPortal = 01106CE82CE669DC00DCC5E5 /* Project object */;
			proxyType = 1;
			remoteGlobalIDString = 01106CEF2CE669DC00DCC5E5;
			remoteInfo = "food-tracker-version-two";
		};
/* End PBXContainerItemProxy section */

/* Begin PBXFileReference section */
		01106CF02CE669DC00DCC5E5 /* food-tracker-version-two.app */ = {isa = PBXFileReference; explicitFileType = wrapper.application; includeInIndex = 0; path = "food-tracker-version-two.app"; sourceTree = BUILT_PRODUCTS_DIR; };
		01106D002CE669DE00DCC5E5 /* food-tracker-version-twoTests.xctest */ = {isa = PBXFileReference; explicitFileType = wrapper.cfbundle; includeInIndex = 0; path = "food-tracker-version-twoTests.xctest"; sourceTree = BUILT_PRODUCTS_DIR; };
		01106D0A2CE669DE00DCC5E5 /* food-tracker-version-twoUITests.xctest */ = {isa = PBXFileReference; explicitFileType = wrapper.cfbundle; includeInIndex = 0; path = "food-tracker-version-twoUITests.xctest"; sourceTree = BUILT_PRODUCTS_DIR; };
		01106D2F2CE6777700DCC5E5 /* .gitignore */ = {isa = PBXFileReference; lastKnownFileType = text; path = .gitignore; sourceTree = "<group>"; };
		CFA380EE2D021CD7007FE625 /* AppDelegate.swift */ = {isa = PBXFileReference; lastKnownFileType = sourcecode.swift; path = AppDelegate.swift; sourceTree = "<group>"; };
		CFA380EF2D021CD7007FE625 /* Base */ = {isa = PBXFileReference; lastKnownFileType = file.storyboard; name = Base; path = Base.lproj/LaunchScreen.storyboard; sourceTree = "<group>"; };
		CFA380F12D021CD7007FE625 /* Base */ = {isa = PBXFileReference; lastKnownFileType = file.storyboard; name = Base; path = Base.lproj/Main.storyboard; sourceTree = "<group>"; };
		CFA380F32D021CD7007FE625 /* UIImageView+Extensions.swift */ = {isa = PBXFileReference; lastKnownFileType = sourcecode.swift; path = "UIImageView+Extensions.swift"; sourceTree = "<group>"; };
		CFA380F62D021CD7007FE625 /* Auth0.plist */ = {isa = PBXFileReference; lastKnownFileType = text.plist.xml; path = Auth0.plist; sourceTree = "<group>"; };
		CFA380F72D021CD7007FE625 /* AuthManager.swift */ = {isa = PBXFileReference; lastKnownFileType = sourcecode.swift; path = AuthManager.swift; sourceTree = "<group>"; };
		CFA380F82D021CD7007FE625 /* LoginView.swift */ = {isa = PBXFileReference; lastKnownFileType = sourcecode.swift; path = LoginView.swift; sourceTree = "<group>"; };
		CFA380F92D021CD7007FE625 /* LoginViewWrapper.swift */ = {isa = PBXFileReference; lastKnownFileType = sourcecode.swift; path = LoginViewWrapper.swift; sourceTree = "<group>"; };
		CFA380FA2D021CD7007FE625 /* User.swift */ = {isa = PBXFileReference; lastKnownFileType = sourcecode.swift; path = User.swift; sourceTree = "<group>"; };
		CFA381062D021E78007FE625 /* Info copy.plist */ = {isa = PBXFileReference; lastKnownFileType = text.plist.xml; path = "Info copy.plist"; sourceTree = "<group>"; };
		CFB23E322D0B5CE800A1ABAD /* GoogleService-Info.plist */ = {isa = PBXFileReference; lastKnownFileType = text.plist.xml; path = "GoogleService-Info.plist"; sourceTree = "<group>"; };
/* End PBXFileReference section */

/* Begin PBXFileSystemSynchronizedRootGroup section */
		01106CF22CE669DC00DCC5E5 /* food-tracker-version-two */ = {
			isa = PBXFileSystemSynchronizedRootGroup;
			path = "food-tracker-version-two";
			sourceTree = "<group>";
		};
		01106D032CE669DE00DCC5E5 /* food-tracker-version-twoTests */ = {
			isa = PBXFileSystemSynchronizedRootGroup;
			path = "food-tracker-version-twoTests";
			sourceTree = "<group>";
		};
		01106D0D2CE669DE00DCC5E5 /* food-tracker-version-twoUITests */ = {
			isa = PBXFileSystemSynchronizedRootGroup;
			path = "food-tracker-version-twoUITests";
			sourceTree = "<group>";
		};
/* End PBXFileSystemSynchronizedRootGroup section */

/* Begin PBXFrameworksBuildPhase section */
		01106CED2CE669DC00DCC5E5 /* Frameworks */ = {
			isa = PBXFrameworksBuildPhase;
			buildActionMask = 2147483647;
			files = (
				CFB23E362D0B5D4B00A1ABAD /* FirebaseAnalytics in Frameworks */,
				CFB23E382D0B5D4B00A1ABAD /* FirebaseAnalyticsOnDeviceConversion in Frameworks */,
				CFA3810A2D021FE5007FE625 /* Auth0 in Frameworks */,
				CFB23E3C2D0B5D4B00A1ABAD /* FirebaseAppCheck in Frameworks */,
				CFB23E3A2D0B5D4B00A1ABAD /* FirebaseAnalyticsWithoutAdIdSupport in Frameworks */,
				CFB23E3E2D0B5D4B00A1ABAD /* FirebaseAppDistribution-Beta in Frameworks */,
				CFB23E412D0B61E800A1ABAD /* FirebaseFirestore in Frameworks */,
			);
			runOnlyForDeploymentPostprocessing = 0;
		};
		01106CFD2CE669DE00DCC5E5 /* Frameworks */ = {
			isa = PBXFrameworksBuildPhase;
			buildActionMask = 2147483647;
			files = (
			);
			runOnlyForDeploymentPostprocessing = 0;
		};
		01106D072CE669DE00DCC5E5 /* Frameworks */ = {
			isa = PBXFrameworksBuildPhase;
			buildActionMask = 2147483647;
			files = (
			);
			runOnlyForDeploymentPostprocessing = 0;
		};
/* End PBXFrameworksBuildPhase section */

/* Begin PBXGroup section */
		01106CE72CE669DC00DCC5E5 = {
			isa = PBXGroup;
			children = (
				CFB23E322D0B5CE800A1ABAD /* GoogleService-Info.plist */,
				01106D2F2CE6777700DCC5E5 /* .gitignore */,
				CFA381062D021E78007FE625 /* Info copy.plist */,
				CFA380FB2D021CD7007FE625 /* iOS UIKit Login 2 copy */,
				01106CF22CE669DC00DCC5E5 /* food-tracker-version-two */,
				01106D032CE669DE00DCC5E5 /* food-tracker-version-twoTests */,
				01106D0D2CE669DE00DCC5E5 /* food-tracker-version-twoUITests */,
				CFB23E3F2D0B61E800A1ABAD /* Frameworks */,
				01106CF12CE669DC00DCC5E5 /* Products */,
			);
			sourceTree = "<group>";
		};
		01106CF12CE669DC00DCC5E5 /* Products */ = {
			isa = PBXGroup;
			children = (
				01106CF02CE669DC00DCC5E5 /* food-tracker-version-two.app */,
				01106D002CE669DE00DCC5E5 /* food-tracker-version-twoTests.xctest */,
				01106D0A2CE669DE00DCC5E5 /* food-tracker-version-twoUITests.xctest */,
			);
			name = Products;
			sourceTree = "<group>";
		};
		CFA380F42D021CD7007FE625 /* Other project files */ = {
			isa = PBXGroup;
			children = (
				CFA380EE2D021CD7007FE625 /* AppDelegate.swift */,
				CFA380F02D021CD7007FE625 /* LaunchScreen.storyboard */,
				CFA380F22D021CD7007FE625 /* Main.storyboard */,
				CFA380F32D021CD7007FE625 /* UIImageView+Extensions.swift */,
			);
			path = "Other project files";
			sourceTree = "<group>";
		};
		CFA380FB2D021CD7007FE625 /* iOS UIKit Login 2 copy */ = {
			isa = PBXGroup;
			children = (
				CFA380F42D021CD7007FE625 /* Other project files */,
				CFA380F62D021CD7007FE625 /* Auth0.plist */,
				CFA380F72D021CD7007FE625 /* AuthManager.swift */,
				CFA380F82D021CD7007FE625 /* LoginView.swift */,
				CFA380F92D021CD7007FE625 /* LoginViewWrapper.swift */,
				CFA380FA2D021CD7007FE625 /* User.swift */,
			);
			path = "iOS UIKit Login 2 copy";
			sourceTree = "<group>";
		};
		CFB23E3F2D0B61E800A1ABAD /* Frameworks */ = {
			isa = PBXGroup;
			children = (
			);
			name = Frameworks;
			sourceTree = "<group>";
		};
/* End PBXGroup section */

/* Begin PBXNativeTarget section */
		01106CEF2CE669DC00DCC5E5 /* food-tracker-version-two */ = {
			isa = PBXNativeTarget;
			buildConfigurationList = 01106D142CE669DE00DCC5E5 /* Build configuration list for PBXNativeTarget "food-tracker-version-two" */;
			buildPhases = (
				01106CEC2CE669DC00DCC5E5 /* Sources */,
				01106CED2CE669DC00DCC5E5 /* Frameworks */,
				01106CEE2CE669DC00DCC5E5 /* Resources */,
			);
			buildRules = (
			);
			dependencies = (
			);
			fileSystemSynchronizedGroups = (
				01106CF22CE669DC00DCC5E5 /* food-tracker-version-two */,
			);
			name = "food-tracker-version-two";
			packageProductDependencies = (
				CFA381092D021FE5007FE625 /* Auth0 */,
				CFB23E352D0B5D4B00A1ABAD /* FirebaseAnalytics */,
				CFB23E372D0B5D4B00A1ABAD /* FirebaseAnalyticsOnDeviceConversion */,
				CFB23E392D0B5D4B00A1ABAD /* FirebaseAnalyticsWithoutAdIdSupport */,
				CFB23E3B2D0B5D4B00A1ABAD /* FirebaseAppCheck */,
				CFB23E3D2D0B5D4B00A1ABAD /* FirebaseAppDistribution-Beta */,
				CFB23E402D0B61E800A1ABAD /* FirebaseFirestore */,
			);
			productName = "food-tracker-version-two";
			productReference = 01106CF02CE669DC00DCC5E5 /* food-tracker-version-two.app */;
			productType = "com.apple.product-type.application";
		};
		01106CFF2CE669DE00DCC5E5 /* food-tracker-version-twoTests */ = {
			isa = PBXNativeTarget;
			buildConfigurationList = 01106D172CE669DE00DCC5E5 /* Build configuration list for PBXNativeTarget "food-tracker-version-twoTests" */;
			buildPhases = (
				01106CFC2CE669DE00DCC5E5 /* Sources */,
				01106CFD2CE669DE00DCC5E5 /* Frameworks */,
				01106CFE2CE669DE00DCC5E5 /* Resources */,
			);
			buildRules = (
			);
			dependencies = (
				01106D022CE669DE00DCC5E5 /* PBXTargetDependency */,
			);
			fileSystemSynchronizedGroups = (
				01106D032CE669DE00DCC5E5 /* food-tracker-version-twoTests */,
			);
			name = "food-tracker-version-twoTests";
			packageProductDependencies = (
			);
			productName = "food-tracker-version-twoTests";
			productReference = 01106D002CE669DE00DCC5E5 /* food-tracker-version-twoTests.xctest */;
			productType = "com.apple.product-type.bundle.unit-test";
		};
		01106D092CE669DE00DCC5E5 /* food-tracker-version-twoUITests */ = {
			isa = PBXNativeTarget;
			buildConfigurationList = 01106D1A2CE669DE00DCC5E5 /* Build configuration list for PBXNativeTarget "food-tracker-version-twoUITests" */;
			buildPhases = (
				01106D062CE669DE00DCC5E5 /* Sources */,
				01106D072CE669DE00DCC5E5 /* Frameworks */,
				01106D082CE669DE00DCC5E5 /* Resources */,
			);
			buildRules = (
			);
			dependencies = (
				01106D0C2CE669DE00DCC5E5 /* PBXTargetDependency */,
			);
			fileSystemSynchronizedGroups = (
				01106D0D2CE669DE00DCC5E5 /* food-tracker-version-twoUITests */,
			);
			name = "food-tracker-version-twoUITests";
			packageProductDependencies = (
			);
			productName = "food-tracker-version-twoUITests";
			productReference = 01106D0A2CE669DE00DCC5E5 /* food-tracker-version-twoUITests.xctest */;
			productType = "com.apple.product-type.bundle.ui-testing";
		};
/* End PBXNativeTarget section */

/* Begin PBXProject section */
		01106CE82CE669DC00DCC5E5 /* Project object */ = {
			isa = PBXProject;
			attributes = {
				BuildIndependentTargetsInParallel = 1;
				LastSwiftUpdateCheck = 1610;
				LastUpgradeCheck = 1610;
				TargetAttributes = {
					01106CEF2CE669DC00DCC5E5 = {
						CreatedOnToolsVersion = 16.1;
					};
					01106CFF2CE669DE00DCC5E5 = {
						CreatedOnToolsVersion = 16.1;
						TestTargetID = 01106CEF2CE669DC00DCC5E5;
					};
					01106D092CE669DE00DCC5E5 = {
						CreatedOnToolsVersion = 16.1;
						TestTargetID = 01106CEF2CE669DC00DCC5E5;
					};
				};
			};
			buildConfigurationList = 01106CEB2CE669DC00DCC5E5 /* Build configuration list for PBXProject "food-tracker-version-two" */;
			developmentRegion = en;
			hasScannedForEncodings = 0;
			knownRegions = (
				en,
				Base,
			);
			mainGroup = 01106CE72CE669DC00DCC5E5;
			minimizedProjectReferenceProxies = 1;
			packageReferences = (
				CFA381082D021FE5007FE625 /* XCRemoteSwiftPackageReference "Auth0" */,
				CFB23E342D0B5D4B00A1ABAD /* XCRemoteSwiftPackageReference "firebase-ios-sdk" */,
			);
			preferredProjectObjectVersion = 77;
			productRefGroup = 01106CF12CE669DC00DCC5E5 /* Products */;
			projectDirPath = "";
			projectRoot = "";
			targets = (
				01106CEF2CE669DC00DCC5E5 /* food-tracker-version-two */,
				01106CFF2CE669DE00DCC5E5 /* food-tracker-version-twoTests */,
				01106D092CE669DE00DCC5E5 /* food-tracker-version-twoUITests */,
			);
		};
/* End PBXProject section */

/* Begin PBXResourcesBuildPhase section */
		01106CEE2CE669DC00DCC5E5 /* Resources */ = {
			isa = PBXResourcesBuildPhase;
			buildActionMask = 2147483647;
			files = (
				CFA381072D021E78007FE625 /* Info copy.plist in Resources */,
				01106D302CE6778600DCC5E5 /* .gitignore in Resources */,
				CFA381032D021CD7007FE625 /* LaunchScreen.storyboard in Resources */,
				CFB23E332D0B5CE800A1ABAD /* GoogleService-Info.plist in Resources */,
				CFA381042D021CD7007FE625 /* Auth0.plist in Resources */,
				CFA381052D021CD7007FE625 /* Main.storyboard in Resources */,
			);
			runOnlyForDeploymentPostprocessing = 0;
		};
		01106CFE2CE669DE00DCC5E5 /* Resources */ = {
			isa = PBXResourcesBuildPhase;
			buildActionMask = 2147483647;
			files = (
			);
			runOnlyForDeploymentPostprocessing = 0;
		};
		01106D082CE669DE00DCC5E5 /* Resources */ = {
			isa = PBXResourcesBuildPhase;
			buildActionMask = 2147483647;
			files = (
			);
			runOnlyForDeploymentPostprocessing = 0;
		};
/* End PBXResourcesBuildPhase section */

/* Begin PBXSourcesBuildPhase section */
		01106CEC2CE669DC00DCC5E5 /* Sources */ = {
			isa = PBXSourcesBuildPhase;
			buildActionMask = 2147483647;
			files = (
				CFA380FC2D021CD7007FE625 /* AppDelegate.swift in Sources */,
				CFA380FD2D021CD7007FE625 /* UIImageView+Extensions.swift in Sources */,
				CFA380FE2D021CD7007FE625 /* AuthManager.swift in Sources */,
				CFA380FF2D021CD7007FE625 /* User.swift in Sources */,
				CFA381002D021CD7007FE625 /* LoginViewWrapper.swift in Sources */,
				CFA381012D021CD7007FE625 /* LoginView.swift in Sources */,
			);
			runOnlyForDeploymentPostprocessing = 0;
		};
		01106CFC2CE669DE00DCC5E5 /* Sources */ = {
			isa = PBXSourcesBuildPhase;
			buildActionMask = 2147483647;
			files = (
			);
			runOnlyForDeploymentPostprocessing = 0;
		};
		01106D062CE669DE00DCC5E5 /* Sources */ = {
			isa = PBXSourcesBuildPhase;
			buildActionMask = 2147483647;
			files = (
			);
			runOnlyForDeploymentPostprocessing = 0;
		};
/* End PBXSourcesBuildPhase section */

/* Begin PBXTargetDependency section */
		01106D022CE669DE00DCC5E5 /* PBXTargetDependency */ = {
			isa = PBXTargetDependency;
			target = 01106CEF2CE669DC00DCC5E5 /* food-tracker-version-two */;
			targetProxy = 01106D012CE669DE00DCC5E5 /* PBXContainerItemProxy */;
		};
		01106D0C2CE669DE00DCC5E5 /* PBXTargetDependency */ = {
			isa = PBXTargetDependency;
			target = 01106CEF2CE669DC00DCC5E5 /* food-tracker-version-two */;
			targetProxy = 01106D0B2CE669DE00DCC5E5 /* PBXContainerItemProxy */;
		};
/* End PBXTargetDependency section */

/* Begin PBXVariantGroup section */
		CFA380F02D021CD7007FE625 /* LaunchScreen.storyboard */ = {
			isa = PBXVariantGroup;
			children = (
				CFA380EF2D021CD7007FE625 /* Base */,
			);
			name = LaunchScreen.storyboard;
			sourceTree = "<group>";
		};
		CFA380F22D021CD7007FE625 /* Main.storyboard */ = {
			isa = PBXVariantGroup;
			children = (
				CFA380F12D021CD7007FE625 /* Base */,
			);
			name = Main.storyboard;
			sourceTree = "<group>";
		};
/* End PBXVariantGroup section */

/* Begin XCBuildConfiguration section */
		01106D122CE669DE00DCC5E5 /* Debug */ = {
			isa = XCBuildConfiguration;
			buildSettings = {
				ALWAYS_SEARCH_USER_PATHS = NO;
				ASSETCATALOG_COMPILER_GENERATE_SWIFT_ASSET_SYMBOL_EXTENSIONS = YES;
				CLANG_ANALYZER_NONNULL = YES;
				CLANG_ANALYZER_NUMBER_OBJECT_CONVERSION = YES_AGGRESSIVE;
				CLANG_CXX_LANGUAGE_STANDARD = "gnu++20";
				CLANG_ENABLE_MODULES = YES;
				CLANG_ENABLE_OBJC_ARC = YES;
				CLANG_ENABLE_OBJC_WEAK = YES;
				CLANG_WARN_BLOCK_CAPTURE_AUTORELEASING = YES;
				CLANG_WARN_BOOL_CONVERSION = YES;
				CLANG_WARN_COMMA = YES;
				CLANG_WARN_CONSTANT_CONVERSION = YES;
				CLANG_WARN_DEPRECATED_OBJC_IMPLEMENTATIONS = YES;
				CLANG_WARN_DIRECT_OBJC_ISA_USAGE = YES_ERROR;
				CLANG_WARN_DOCUMENTATION_COMMENTS = YES;
				CLANG_WARN_EMPTY_BODY = YES;
				CLANG_WARN_ENUM_CONVERSION = YES;
				CLANG_WARN_INFINITE_RECURSION = YES;
				CLANG_WARN_INT_CONVERSION = YES;
				CLANG_WARN_NON_LITERAL_NULL_CONVERSION = YES;
				CLANG_WARN_OBJC_IMPLICIT_RETAIN_SELF = YES;
				CLANG_WARN_OBJC_LITERAL_CONVERSION = YES;
				CLANG_WARN_OBJC_ROOT_CLASS = YES_ERROR;
				CLANG_WARN_QUOTED_INCLUDE_IN_FRAMEWORK_HEADER = YES;
				CLANG_WARN_RANGE_LOOP_ANALYSIS = YES;
				CLANG_WARN_STRICT_PROTOTYPES = YES;
				CLANG_WARN_SUSPICIOUS_MOVE = YES;
				CLANG_WARN_UNGUARDED_AVAILABILITY = YES_AGGRESSIVE;
				CLANG_WARN_UNREACHABLE_CODE = YES;
				CLANG_WARN__DUPLICATE_METHOD_MATCH = YES;
				COPY_PHASE_STRIP = NO;
				DEBUG_INFORMATION_FORMAT = dwarf;
				ENABLE_STRICT_OBJC_MSGSEND = YES;
				ENABLE_TESTABILITY = YES;
				ENABLE_USER_SCRIPT_SANDBOXING = YES;
				GCC_C_LANGUAGE_STANDARD = gnu17;
				GCC_DYNAMIC_NO_PIC = NO;
				GCC_NO_COMMON_BLOCKS = YES;
				GCC_OPTIMIZATION_LEVEL = 0;
				GCC_PREPROCESSOR_DEFINITIONS = (
					"DEBUG=1",
					"$(inherited)",
				);
				GCC_WARN_64_TO_32_BIT_CONVERSION = YES;
				GCC_WARN_ABOUT_RETURN_TYPE = YES_ERROR;
				GCC_WARN_UNDECLARED_SELECTOR = YES;
				GCC_WARN_UNINITIALIZED_AUTOS = YES_AGGRESSIVE;
				GCC_WARN_UNUSED_FUNCTION = YES;
				GCC_WARN_UNUSED_VARIABLE = YES;
				IPHONEOS_DEPLOYMENT_TARGET = 18.1;
				LOCALIZATION_PREFERS_STRING_CATALOGS = YES;
				MTL_ENABLE_DEBUG_INFO = INCLUDE_SOURCE;
				MTL_FAST_MATH = YES;
				ONLY_ACTIVE_ARCH = YES;
				SDKROOT = iphoneos;
				SWIFT_ACTIVE_COMPILATION_CONDITIONS = "DEBUG $(inherited)";
				SWIFT_OPTIMIZATION_LEVEL = "-Onone";
			};
			name = Debug;
		};
		01106D132CE669DE00DCC5E5 /* Release */ = {
			isa = XCBuildConfiguration;
			buildSettings = {
				ALWAYS_SEARCH_USER_PATHS = NO;
				ASSETCATALOG_COMPILER_GENERATE_SWIFT_ASSET_SYMBOL_EXTENSIONS = YES;
				CLANG_ANALYZER_NONNULL = YES;
				CLANG_ANALYZER_NUMBER_OBJECT_CONVERSION = YES_AGGRESSIVE;
				CLANG_CXX_LANGUAGE_STANDARD = "gnu++20";
				CLANG_ENABLE_MODULES = YES;
				CLANG_ENABLE_OBJC_ARC = YES;
				CLANG_ENABLE_OBJC_WEAK = YES;
				CLANG_WARN_BLOCK_CAPTURE_AUTORELEASING = YES;
				CLANG_WARN_BOOL_CONVERSION = YES;
				CLANG_WARN_COMMA = YES;
				CLANG_WARN_CONSTANT_CONVERSION = YES;
				CLANG_WARN_DEPRECATED_OBJC_IMPLEMENTATIONS = YES;
				CLANG_WARN_DIRECT_OBJC_ISA_USAGE = YES_ERROR;
				CLANG_WARN_DOCUMENTATION_COMMENTS = YES;
				CLANG_WARN_EMPTY_BODY = YES;
				CLANG_WARN_ENUM_CONVERSION = YES;
				CLANG_WARN_INFINITE_RECURSION = YES;
				CLANG_WARN_INT_CONVERSION = YES;
				CLANG_WARN_NON_LITERAL_NULL_CONVERSION = YES;
				CLANG_WARN_OBJC_IMPLICIT_RETAIN_SELF = YES;
				CLANG_WARN_OBJC_LITERAL_CONVERSION = YES;
				CLANG_WARN_OBJC_ROOT_CLASS = YES_ERROR;
				CLANG_WARN_QUOTED_INCLUDE_IN_FRAMEWORK_HEADER = YES;
				CLANG_WARN_RANGE_LOOP_ANALYSIS = YES;
				CLANG_WARN_STRICT_PROTOTYPES = YES;
				CLANG_WARN_SUSPICIOUS_MOVE = YES;
				CLANG_WARN_UNGUARDED_AVAILABILITY = YES_AGGRESSIVE;
				CLANG_WARN_UNREACHABLE_CODE = YES;
				CLANG_WARN__DUPLICATE_METHOD_MATCH = YES;
				COPY_PHASE_STRIP = NO;
				DEBUG_INFORMATION_FORMAT = "dwarf-with-dsym";
				ENABLE_NS_ASSERTIONS = NO;
				ENABLE_STRICT_OBJC_MSGSEND = YES;
				ENABLE_USER_SCRIPT_SANDBOXING = YES;
				GCC_C_LANGUAGE_STANDARD = gnu17;
				GCC_NO_COMMON_BLOCKS = YES;
				GCC_WARN_64_TO_32_BIT_CONVERSION = YES;
				GCC_WARN_ABOUT_RETURN_TYPE = YES_ERROR;
				GCC_WARN_UNDECLARED_SELECTOR = YES;
				GCC_WARN_UNINITIALIZED_AUTOS = YES_AGGRESSIVE;
				GCC_WARN_UNUSED_FUNCTION = YES;
				GCC_WARN_UNUSED_VARIABLE = YES;
				IPHONEOS_DEPLOYMENT_TARGET = 18.1;
				LOCALIZATION_PREFERS_STRING_CATALOGS = YES;
				MTL_ENABLE_DEBUG_INFO = NO;
				MTL_FAST_MATH = YES;
				SDKROOT = iphoneos;
				SWIFT_COMPILATION_MODE = wholemodule;
				VALIDATE_PRODUCT = YES;
			};
			name = Release;
		};
		01106D152CE669DE00DCC5E5 /* Debug */ = {
			isa = XCBuildConfiguration;
			buildSettings = {
				ASSETCATALOG_COMPILER_APPICON_NAME = AppIcon;
				ASSETCATALOG_COMPILER_GLOBAL_ACCENT_COLOR_NAME = AccentColor;
				CODE_SIGN_STYLE = Automatic;
				CURRENT_PROJECT_VERSION = 1;
				DEVELOPMENT_ASSET_PATHS = "\"food-tracker-version-two/Preview Content\"";
				ENABLE_PREVIEWS = YES;
				GENERATE_INFOPLIST_FILE = YES;
				INFOPLIST_KEY_UIApplicationSceneManifest_Generation = YES;
				INFOPLIST_KEY_UIApplicationSupportsIndirectInputEvents = YES;
				INFOPLIST_KEY_UILaunchScreen_Generation = YES;
				INFOPLIST_KEY_UISupportedInterfaceOrientations_iPad = "UIInterfaceOrientationPortrait UIInterfaceOrientationPortraitUpsideDown UIInterfaceOrientationLandscapeLeft UIInterfaceOrientationLandscapeRight";
				INFOPLIST_KEY_UISupportedInterfaceOrientations_iPhone = "UIInterfaceOrientationPortrait UIInterfaceOrientationLandscapeLeft UIInterfaceOrientationLandscapeRight";
				LD_RUNPATH_SEARCH_PATHS = (
					"$(inherited)",
					"@executable_path/Frameworks",
				);
				MARKETING_VERSION = 1.0;
				PRODUCT_BUNDLE_IDENTIFIER = "Vilate-Knapp.food-tracker-version-two";
				PRODUCT_NAME = "$(TARGET_NAME)";
				SWIFT_EMIT_LOC_STRINGS = YES;
				SWIFT_VERSION = 5.0;
				TARGETED_DEVICE_FAMILY = "1,2";
			};
			name = Debug;
		};
		01106D162CE669DE00DCC5E5 /* Release */ = {
			isa = XCBuildConfiguration;
			buildSettings = {
				ASSETCATALOG_COMPILER_APPICON_NAME = AppIcon;
				ASSETCATALOG_COMPILER_GLOBAL_ACCENT_COLOR_NAME = AccentColor;
				CODE_SIGN_STYLE = Automatic;
				CURRENT_PROJECT_VERSION = 1;
				DEVELOPMENT_ASSET_PATHS = "\"food-tracker-version-two/Preview Content\"";
				ENABLE_PREVIEWS = YES;
				GENERATE_INFOPLIST_FILE = YES;
				INFOPLIST_KEY_UIApplicationSceneManifest_Generation = YES;
				INFOPLIST_KEY_UIApplicationSupportsIndirectInputEvents = YES;
				INFOPLIST_KEY_UILaunchScreen_Generation = YES;
				INFOPLIST_KEY_UISupportedInterfaceOrientations_iPad = "UIInterfaceOrientationPortrait UIInterfaceOrientationPortraitUpsideDown UIInterfaceOrientationLandscapeLeft UIInterfaceOrientationLandscapeRight";
				INFOPLIST_KEY_UISupportedInterfaceOrientations_iPhone = "UIInterfaceOrientationPortrait UIInterfaceOrientationLandscapeLeft UIInterfaceOrientationLandscapeRight";
				LD_RUNPATH_SEARCH_PATHS = (
					"$(inherited)",
					"@executable_path/Frameworks",
				);
				MARKETING_VERSION = 1.0;
				PRODUCT_BUNDLE_IDENTIFIER = "Vilate-Knapp.food-tracker-version-two";
				PRODUCT_NAME = "$(TARGET_NAME)";
				SWIFT_EMIT_LOC_STRINGS = YES;
				SWIFT_VERSION = 5.0;
				TARGETED_DEVICE_FAMILY = "1,2";
			};
			name = Release;
		};
		01106D182CE669DE00DCC5E5 /* Debug */ = {
			isa = XCBuildConfiguration;
			buildSettings = {
				BUNDLE_LOADER = "$(TEST_HOST)";
				CODE_SIGN_STYLE = Automatic;
				CURRENT_PROJECT_VERSION = 1;
				GENERATE_INFOPLIST_FILE = YES;
				IPHONEOS_DEPLOYMENT_TARGET = 18.1;
				MARKETING_VERSION = 1.0;
				PRODUCT_BUNDLE_IDENTIFIER = "Vilate-Knapp.food-tracker-version-twoTests";
				PRODUCT_NAME = "$(TARGET_NAME)";
				SWIFT_EMIT_LOC_STRINGS = NO;
				SWIFT_VERSION = 5.0;
				TARGETED_DEVICE_FAMILY = "1,2";
				TEST_HOST = "$(BUILT_PRODUCTS_DIR)/food-tracker-version-two.app/$(BUNDLE_EXECUTABLE_FOLDER_PATH)/food-tracker-version-two";
			};
			name = Debug;
		};
		01106D192CE669DE00DCC5E5 /* Release */ = {
			isa = XCBuildConfiguration;
			buildSettings = {
				BUNDLE_LOADER = "$(TEST_HOST)";
				CODE_SIGN_STYLE = Automatic;
				CURRENT_PROJECT_VERSION = 1;
				GENERATE_INFOPLIST_FILE = YES;
				IPHONEOS_DEPLOYMENT_TARGET = 18.1;
				MARKETING_VERSION = 1.0;
				PRODUCT_BUNDLE_IDENTIFIER = "Vilate-Knapp.food-tracker-version-twoTests";
				PRODUCT_NAME = "$(TARGET_NAME)";
				SWIFT_EMIT_LOC_STRINGS = NO;
				SWIFT_VERSION = 5.0;
				TARGETED_DEVICE_FAMILY = "1,2";
				TEST_HOST = "$(BUILT_PRODUCTS_DIR)/food-tracker-version-two.app/$(BUNDLE_EXECUTABLE_FOLDER_PATH)/food-tracker-version-two";
			};
			name = Release;
		};
		01106D1B2CE669DE00DCC5E5 /* Debug */ = {
			isa = XCBuildConfiguration;
			buildSettings = {
				CODE_SIGN_STYLE = Automatic;
				CURRENT_PROJECT_VERSION = 1;
				GENERATE_INFOPLIST_FILE = YES;
				MARKETING_VERSION = 1.0;
				PRODUCT_BUNDLE_IDENTIFIER = "Vilate-Knapp.food-tracker-version-twoUITests";
				PRODUCT_NAME = "$(TARGET_NAME)";
				SWIFT_EMIT_LOC_STRINGS = NO;
				SWIFT_VERSION = 5.0;
				TARGETED_DEVICE_FAMILY = "1,2";
				TEST_TARGET_NAME = "food-tracker-version-two";
			};
			name = Debug;
		};
		01106D1C2CE669DE00DCC5E5 /* Release */ = {
			isa = XCBuildConfiguration;
			buildSettings = {
				CODE_SIGN_STYLE = Automatic;
				CURRENT_PROJECT_VERSION = 1;
				GENERATE_INFOPLIST_FILE = YES;
				MARKETING_VERSION = 1.0;
				PRODUCT_BUNDLE_IDENTIFIER = "Vilate-Knapp.food-tracker-version-twoUITests";
				PRODUCT_NAME = "$(TARGET_NAME)";
				SWIFT_EMIT_LOC_STRINGS = NO;
				SWIFT_VERSION = 5.0;
				TARGETED_DEVICE_FAMILY = "1,2";
				TEST_TARGET_NAME = "food-tracker-version-two";
			};
			name = Release;
		};
/* End XCBuildConfiguration section */

/* Begin XCConfigurationList section */
		01106CEB2CE669DC00DCC5E5 /* Build configuration list for PBXProject "food-tracker-version-two" */ = {
			isa = XCConfigurationList;
			buildConfigurations = (
				01106D122CE669DE00DCC5E5 /* Debug */,
				01106D132CE669DE00DCC5E5 /* Release */,
			);
			defaultConfigurationIsVisible = 0;
			defaultConfigurationName = Release;
		};
		01106D142CE669DE00DCC5E5 /* Build configuration list for PBXNativeTarget "food-tracker-version-two" */ = {
			isa = XCConfigurationList;
			buildConfigurations = (
				01106D152CE669DE00DCC5E5 /* Debug */,
				01106D162CE669DE00DCC5E5 /* Release */,
			);
			defaultConfigurationIsVisible = 0;
			defaultConfigurationName = Release;
		};
		01106D172CE669DE00DCC5E5 /* Build configuration list for PBXNativeTarget "food-tracker-version-twoTests" */ = {
			isa = XCConfigurationList;
			buildConfigurations = (
				01106D182CE669DE00DCC5E5 /* Debug */,
				01106D192CE669DE00DCC5E5 /* Release */,
			);
			defaultConfigurationIsVisible = 0;
			defaultConfigurationName = Release;
		};
		01106D1A2CE669DE00DCC5E5 /* Build configuration list for PBXNativeTarget "food-tracker-version-twoUITests" */ = {
			isa = XCConfigurationList;
			buildConfigurations = (
				01106D1B2CE669DE00DCC5E5 /* Debug */,
				01106D1C2CE669DE00DCC5E5 /* Release */,
			);
			defaultConfigurationIsVisible = 0;
			defaultConfigurationName = Release;
		};
/* End XCConfigurationList section */

/* Begin XCRemoteSwiftPackageReference section */
		CFA381082D021FE5007FE625 /* XCRemoteSwiftPackageReference "Auth0" */ = {
			isa = XCRemoteSwiftPackageReference;
			repositoryURL = "https://github.com/auth0/Auth0.swift";
			requirement = {
				kind = upToNextMajorVersion;
				minimumVersion = 2.10.0;
			};
		};
		CFB23E342D0B5D4B00A1ABAD /* XCRemoteSwiftPackageReference "firebase-ios-sdk" */ = {
			isa = XCRemoteSwiftPackageReference;
			repositoryURL = "https://github.com/firebase/firebase-ios-sdk";
			requirement = {
				kind = upToNextMajorVersion;
				minimumVersion = 11.6.0;
			};
		};
/* End XCRemoteSwiftPackageReference section */

/* Begin XCSwiftPackageProductDependency section */
		CFA381092D021FE5007FE625 /* Auth0 */ = {
			isa = XCSwiftPackageProductDependency;
			package = CFA381082D021FE5007FE625 /* XCRemoteSwiftPackageReference "Auth0" */;
			productName = Auth0;
		};
		CFB23E352D0B5D4B00A1ABAD /* FirebaseAnalytics */ = {
			isa = XCSwiftPackageProductDependency;
			package = CFB23E342D0B5D4B00A1ABAD /* XCRemoteSwiftPackageReference "firebase-ios-sdk" */;
			productName = FirebaseAnalytics;
		};
		CFB23E372D0B5D4B00A1ABAD /* FirebaseAnalyticsOnDeviceConversion */ = {
			isa = XCSwiftPackageProductDependency;
			package = CFB23E342D0B5D4B00A1ABAD /* XCRemoteSwiftPackageReference "firebase-ios-sdk" */;
			productName = FirebaseAnalyticsOnDeviceConversion;
		};
		CFB23E392D0B5D4B00A1ABAD /* FirebaseAnalyticsWithoutAdIdSupport */ = {
			isa = XCSwiftPackageProductDependency;
			package = CFB23E342D0B5D4B00A1ABAD /* XCRemoteSwiftPackageReference "firebase-ios-sdk" */;
			productName = FirebaseAnalyticsWithoutAdIdSupport;
		};
		CFB23E3B2D0B5D4B00A1ABAD /* FirebaseAppCheck */ = {
			isa = XCSwiftPackageProductDependency;
			package = CFB23E342D0B5D4B00A1ABAD /* XCRemoteSwiftPackageReference "firebase-ios-sdk" */;
			productName = FirebaseAppCheck;
		};
		CFB23E3D2D0B5D4B00A1ABAD /* FirebaseAppDistribution-Beta */ = {
			isa = XCSwiftPackageProductDependency;
			package = CFB23E342D0B5D4B00A1ABAD /* XCRemoteSwiftPackageReference "firebase-ios-sdk" */;
			productName = "FirebaseAppDistribution-Beta";
		};
		CFB23E402D0B61E800A1ABAD /* FirebaseFirestore */ = {
			isa = XCSwiftPackageProductDependency;
			package = CFB23E342D0B5D4B00A1ABAD /* XCRemoteSwiftPackageReference "firebase-ios-sdk" */;
			productName = FirebaseFirestore;
		};
/* End XCSwiftPackageProductDependency section */
	};
	rootObject = 01106CE82CE669DC00DCC5E5 /* Project object */;
}
